
Microsoft Visual Studio Solution File, Format Version 12.00
# Visual Studio Version 17
VisualStudioVersion = 17.9.34728.123
MinimumVisualStudioVersion = 10.0.40219.1
Project("{9A19103F-16F7-4668-BE54-9A1E7A4F7556}") = "ReiMod", "ReiMod.csproj", "{5C2D8810-712F-4D05-9DC4-8746D33BDBFC}"
EndProject
Global
	GlobalSection(SolutionConfigurationPlatforms) = preSolution
		Debug|Any CPU = Debug|Any CPU
		Release|Any CPU = Release|Any CPU
	EndGlobalSection
	GlobalSection(ProjectConfigurationPlatforms) = postSolution
		{5C2D8810-712F-4D05-9DC4-8746D33BDBFC}.Debug|Any CPU.ActiveCfg = Debug|Any CPU
		{5C2D8810-712F-4D05-9DC4-8746D33BDBFC}.Debug|Any CPU.Build.0 = Debug|Any CPU
		{5C2D8810-712F-4D05-9DC4-8746D33BDBFC}.Release|Any CPU.ActiveCfg = Release|Any CPU
		{5C2D8810-712F-4D05-9DC4-8746D33BDBFC}.Release|Any CPU.Build.0 = Release|Any CPU
	EndGlobalSection
	GlobalSection(SolutionProperties) = preSolution
		HideSolutionNode = FALSE
	EndGlobalSection
	GlobalSection(ExtensibilityGlobals) = postSolution
		SolutionGuid = {B8BC43CE-38F4-4C01-A678-18BB314CB6A3}
	EndGlobalSection
EndGlobal
